
Microsoft Visual Studio Solution File, Format Version 12.00
# Visual Studio 2013
VisualStudioVersion = 12.0.21005.1
MinimumVisualStudioVersion = 10.0.40219.1
Project("{FAE04EC0-301F-11D3-BF4B-00C04F79EFBC}") = "Drager.GameEngine", "GameEngine\Drager.GameEngine.csproj", "{11248AE0-9620-4402-B269-4568EAFD23B6}"
EndProject
Project("{FAE04EC0-301F-11D3-BF4B-00C04F79EFBC}") = "Drager.DesktopUI", "DesktopUI\Drager.DesktopUI.csproj", "{5FE094C7-F665-4C41-A7BA-1DB9B86A0580}"
EndProject
Project("{FAE04EC0-301F-11D3-BF4B-00C04F79EFBC}") = "Drager.ConsoleUI", "ConsoleUI\Drager.ConsoleUI.csproj", "{7CF5421B-E949-4D61-8AB2-12FAC74EEF1E}"
EndProject
Project("{FAE04EC0-301F-11D3-BF4B-00C04F79EFBC}") = "Drager.Handlers", "Handlers\Drager.Handlers.csproj", "{0E2B549A-9AFB-41AC-9EBC-53DA45370674}"
EndProject
Project("{FAE04EC0-301F-11D3-BF4B-00C04F79EFBC}") = "Dragger.GameEngine.Test", "Dragger.GameEngine.Test\Dragger.GameEngine.Test.csproj", "{B025AB22-0BF9-4E8C-AA0A-51DC7AF391A4}"
EndProject
Global
	GlobalSection(SolutionConfigurationPlatforms) = preSolution
		Debug|Any CPU = Debug|Any CPU
		Release|Any CPU = Release|Any CPU
	EndGlobalSection
	GlobalSection(ProjectConfigurationPlatforms) = postSolution
		{11248AE0-9620-4402-B269-4568EAFD23B6}.Debug|Any CPU.ActiveCfg = Debug|Any CPU
		{11248AE0-9620-4402-B269-4568EAFD23B6}.Debug|Any CPU.Build.0 = Debug|Any CPU
		{11248AE0-9620-4402-B269-4568EAFD23B6}.Release|Any CPU.ActiveCfg = Release|Any CPU
		{11248AE0-9620-4402-B269-4568EAFD23B6}.Release|Any CPU.Build.0 = Release|Any CPU
		{5FE094C7-F665-4C41-A7BA-1DB9B86A0580}.Debug|Any CPU.ActiveCfg = Debug|Any CPU
		{5FE094C7-F665-4C41-A7BA-1DB9B86A0580}.Debug|Any CPU.Build.0 = Debug|Any CPU
		{5FE094C7-F665-4C41-A7BA-1DB9B86A0580}.Release|Any CPU.ActiveCfg = Release|Any CPU
		{5FE094C7-F665-4C41-A7BA-1DB9B86A0580}.Release|Any CPU.Build.0 = Release|Any CPU
		{7CF5421B-E949-4D61-8AB2-12FAC74EEF1E}.Debug|Any CPU.ActiveCfg = Debug|Any CPU
		{7CF5421B-E949-4D61-8AB2-12FAC74EEF1E}.Debug|Any CPU.Build.0 = Debug|Any CPU
		{7CF5421B-E949-4D61-8AB2-12FAC74EEF1E}.Release|Any CPU.ActiveCfg = Release|Any CPU
		{7CF5421B-E949-4D61-8AB2-12FAC74EEF1E}.Release|Any CPU.Build.0 = Release|Any CPU
		{0E2B549A-9AFB-41AC-9EBC-53DA45370674}.Debug|Any CPU.ActiveCfg = Debug|Any CPU
		{0E2B549A-9AFB-41AC-9EBC-53DA45370674}.Debug|Any CPU.Build.0 = Debug|Any CPU
		{0E2B549A-9AFB-41AC-9EBC-53DA45370674}.Release|Any CPU.ActiveCfg = Release|Any CPU
		{0E2B549A-9AFB-41AC-9EBC-53DA45370674}.Release|Any CPU.Build.0 = Release|Any CPU
		{B025AB22-0BF9-4E8C-AA0A-51DC7AF391A4}.Debug|Any CPU.ActiveCfg = Debug|Any CPU
		{B025AB22-0BF9-4E8C-AA0A-51DC7AF391A4}.Debug|Any CPU.Build.0 = Debug|Any CPU
		{B025AB22-0BF9-4E8C-AA0A-51DC7AF391A4}.Release|Any CPU.ActiveCfg = Release|Any CPU
		{B025AB22-0BF9-4E8C-AA0A-51DC7AF391A4}.Release|Any CPU.Build.0 = Release|Any CPU
	EndGlobalSection
	GlobalSection(SolutionProperties) = preSolution
		HideSolutionNode = FALSE
	EndGlobalSection
EndGlobal
